// !$*UTF8*$!
{
	archiveVersion = 1;
	classes = {
	};
	objectVersion = 46;
	objects = {

/* Begin PBXBuildFile section */
		9E60E2836E6E911ED9C32E35 /* libPods.a in Frameworks */ = {isa = PBXBuildFile; fileRef = B6E7649DC6887F1D8EDF0B88 /* libPods.a */; };
		FA785FA01B0CD76B00F30493 /* ImageIO.framework in Frameworks */ = {isa = PBXBuildFile; fileRef = FA785F9F1B0CD76B00F30493 /* ImageIO.framework */; };
		FA79DEEE1B402E2800AA13A6 /* contenHeaderView.m in Sources */ = {isa = PBXBuildFile; fileRef = FA79DEED1B402E2800AA13A6 /* contenHeaderView.m */; };
		FA821C481B03473D00B53533 /* NavigationViewController.m in Sources */ = {isa = PBXBuildFile; fileRef = FA821C471B03473D00B53533 /* NavigationViewController.m */; };
		FA821C4E1B03A74A00B53533 /* ViewController.m in Sources */ = {isa = PBXBuildFile; fileRef = FA821C4D1B03A74A00B53533 /* ViewController.m */; };
		FA821C571B04944400B53533 /* AllTableViewCell.m in Sources */ = {isa = PBXBuildFile; fileRef = FA821C561B04944400B53533 /* AllTableViewCell.m */; };
		FA859C941B78FABB00941EC0 /* MyContentImageAttachment.m in Sources */ = {isa = PBXBuildFile; fileRef = FA859C931B78FABB00941EC0 /* MyContentImageAttachment.m */; };
		FA859C971B790ABF00941EC0 /* MyReplyImageAttachment.m in Sources */ = {isa = PBXBuildFile; fileRef = FA859C961B790ABF00941EC0 /* MyReplyImageAttachment.m */; };
		FAA2A8C51B13023D001B906F /* repliesTableViewCell.m in Sources */ = {isa = PBXBuildFile; fileRef = FAA2A8C41B13023D001B906F /* repliesTableViewCell.m */; };
		FAC086121B10C88B007ED446 /* Reachability.m in Sources */ = {isa = PBXBuildFile; fileRef = FAC086111B10C88B007ED446 /* Reachability.m */; };
		FAC086151B11E7E0007ED446 /* contentTableViewController.m in Sources */ = {isa = PBXBuildFile; fileRef = FAC086141B11E7E0007ED446 /* contentTableViewController.m */; };
		FAC155421B80A11200762A95 /* Images.xcassets in Resources */ = {isa = PBXBuildFile; fileRef = FAC155411B80A11200762A95 /* Images.xcassets */; };
		FAE8E94A1B513D0B0021392F /* TFHpple.m in Sources */ = {isa = PBXBuildFile; fileRef = FAE8E9451B513D0B0021392F /* TFHpple.m */; };
		FAE8E94B1B513D0B0021392F /* TFHppleElement.m in Sources */ = {isa = PBXBuildFile; fileRef = FAE8E9471B513D0B0021392F /* TFHppleElement.m */; };
		FAE8E94C1B513D0B0021392F /* XPathQuery.m in Sources */ = {isa = PBXBuildFile; fileRef = FAE8E9491B513D0B0021392F /* XPathQuery.m */; };
		FAE8E94E1B513EB90021392F /* libxml2.dylib in Frameworks */ = {isa = PBXBuildFile; fileRef = FAE8E94D1B513EB90021392F /* libxml2.dylib */; };
		FAEAD4461B4E82B000C9E3F9 /* SWRevealViewController.m in Sources */ = {isa = PBXBuildFile; fileRef = FAEAD4451B4E82B000C9E3F9 /* SWRevealViewController.m */; };
		FAEAD4491B4ECE1000C9E3F9 /* MenuTableViewController.m in Sources */ = {isa = PBXBuildFile; fileRef = FAEAD4481B4ECE1000C9E3F9 /* MenuTableViewController.m */; };
		FAEEB97A1B1071B600D4B039 /* MKAnnotationView+WebCache.m in Sources */ = {isa = PBXBuildFile; fileRef = FAEEB95A1B1071B600D4B039 /* MKAnnotationView+WebCache.m */; };
		FAEEB97B1B1071B600D4B039 /* NSData+ImageContentType.m in Sources */ = {isa = PBXBuildFile; fileRef = FAEEB95C1B1071B600D4B039 /* NSData+ImageContentType.m */; };
		FAEEB97C1B1071B600D4B039 /* SDImageCache.m in Sources */ = {isa = PBXBuildFile; fileRef = FAEEB95E1B1071B600D4B039 /* SDImageCache.m */; };
		FAEEB97D1B1071B600D4B039 /* SDWebImageCompat.m in Sources */ = {isa = PBXBuildFile; fileRef = FAEEB9601B1071B600D4B039 /* SDWebImageCompat.m */; };
		FAEEB97E1B1071B600D4B039 /* SDWebImageDecoder.m in Sources */ = {isa = PBXBuildFile; fileRef = FAEEB9621B1071B600D4B039 /* SDWebImageDecoder.m */; };
		FAEEB97F1B1071B600D4B039 /* SDWebImageDownloader.m in Sources */ = {isa = PBXBuildFile; fileRef = FAEEB9641B1071B600D4B039 /* SDWebImageDownloader.m */; };
		FAEEB9801B1071B600D4B039 /* SDWebImageDownloaderOperation.m in Sources */ = {isa = PBXBuildFile; fileRef = FAEEB9661B1071B600D4B039 /* SDWebImageDownloaderOperation.m */; };
		FAEEB9811B1071B600D4B039 /* SDWebImageManager.m in Sources */ = {isa = PBXBuildFile; fileRef = FAEEB9681B1071B600D4B039 /* SDWebImageManager.m */; };
		FAEEB9821B1071B600D4B039 /* SDWebImagePrefetcher.m in Sources */ = {isa = PBXBuildFile; fileRef = FAEEB96B1B1071B600D4B039 /* SDWebImagePrefetcher.m */; };
		FAEEB9831B1071B600D4B039 /* UIButton+WebCache.m in Sources */ = {isa = PBXBuildFile; fileRef = FAEEB96D1B1071B600D4B039 /* UIButton+WebCache.m */; };
		FAEEB9841B1071B600D4B039 /* UIImage+GIF.m in Sources */ = {isa = PBXBuildFile; fileRef = FAEEB96F1B1071B600D4B039 /* UIImage+GIF.m */; };
		FAEEB9851B1071B600D4B039 /* UIImage+MultiFormat.m in Sources */ = {isa = PBXBuildFile; fileRef = FAEEB9711B1071B600D4B039 /* UIImage+MultiFormat.m */; };
		FAEEB9861B1071B600D4B039 /* UIImage+WebP.m in Sources */ = {isa = PBXBuildFile; fileRef = FAEEB9731B1071B600D4B039 /* UIImage+WebP.m */; };
		FAEEB9871B1071B600D4B039 /* UIImageView+HighlightedWebCache.m in Sources */ = {isa = PBXBuildFile; fileRef = FAEEB9751B1071B600D4B039 /* UIImageView+HighlightedWebCache.m */; };
		FAEEB9881B1071B600D4B039 /* UIImageView+WebCache.m in Sources */ = {isa = PBXBuildFile; fileRef = FAEEB9771B1071B600D4B039 /* UIImageView+WebCache.m */; };
		FAEEB9891B1071B600D4B039 /* UIView+WebCacheOperation.m in Sources */ = {isa = PBXBuildFile; fileRef = FAEEB9791B1071B600D4B039 /* UIView+WebCacheOperation.m */; };
		FAFC782F1B01F76700A34D58 /* main.m in Sources */ = {isa = PBXBuildFile; fileRef = FAFC782E1B01F76700A34D58 /* main.m */; };
		FAFC78321B01F76700A34D58 /* AppDelegate.m in Sources */ = {isa = PBXBuildFile; fileRef = FAFC78311B01F76700A34D58 /* AppDelegate.m */; };
		FAFC78381B01F76700A34D58 /* Main.storyboard in Resources */ = {isa = PBXBuildFile; fileRef = FAFC78361B01F76700A34D58 /* Main.storyboard */; };
		FAFC783D1B01F76700A34D58 /* LaunchScreen.xib in Resources */ = {isa = PBXBuildFile; fileRef = FAFC783B1B01F76700A34D58 /* LaunchScreen.xib */; };
		FAFC78491B01F76700A34D58 /* V2EXTests.m in Sources */ = {isa = PBXBuildFile; fileRef = FAFC78481B01F76700A34D58 /* V2EXTests.m */; };
/* End PBXBuildFile section */

/* Begin PBXContainerItemProxy section */
		FAFC78431B01F76700A34D58 /* PBXContainerItemProxy */ = {
			isa = PBXContainerItemProxy;
			containerPortal = FAFC78211B01F76700A34D58 /* Project object */;
			proxyType = 1;
			remoteGlobalIDString = FAFC78281B01F76700A34D58;
			remoteInfo = V2EX;
		};
/* End PBXContainerItemProxy section */

/* Begin PBXFileReference section */
		0870241BB8541BDFEBC71194 /* Pods.debug.xcconfig */ = {isa = PBXFileReference; includeInIndex = 1; lastKnownFileType = text.xcconfig; name = Pods.debug.xcconfig; path = "Pods/Target Support Files/Pods/Pods.debug.xcconfig"; sourceTree = "<group>"; };
		88D504FC923B70D86D30456F /* Pods.release.xcconfig */ = {isa = PBXFileReference; includeInIndex = 1; lastKnownFileType = text.xcconfig; name = Pods.release.xcconfig; path = "Pods/Target Support Files/Pods/Pods.release.xcconfig"; sourceTree = "<group>"; };
		B6E7649DC6887F1D8EDF0B88 /* libPods.a */ = {isa = PBXFileReference; explicitFileType = archive.ar; includeInIndex = 0; path = libPods.a; sourceTree = BUILT_PRODUCTS_DIR; };
		FA785F9F1B0CD76B00F30493 /* ImageIO.framework */ = {isa = PBXFileReference; lastKnownFileType = wrapper.framework; name = ImageIO.framework; path = System/Library/Frameworks/ImageIO.framework; sourceTree = SDKROOT; };
		FA79DEEC1B402E2800AA13A6 /* contenHeaderView.h */ = {isa = PBXFileReference; fileEncoding = 4; lastKnownFileType = sourcecode.c.h; path = contenHeaderView.h; sourceTree = "<group>"; };
		FA79DEED1B402E2800AA13A6 /* contenHeaderView.m */ = {isa = PBXFileReference; fileEncoding = 4; lastKnownFileType = sourcecode.c.objc; path = contenHeaderView.m; sourceTree = "<group>"; };
		FA821C461B03473D00B53533 /* NavigationViewController.h */ = {isa = PBXFileReference; fileEncoding = 4; lastKnownFileType = sourcecode.c.h; path = NavigationViewController.h; sourceTree = "<group>"; };
		FA821C471B03473D00B53533 /* NavigationViewController.m */ = {isa = PBXFileReference; fileEncoding = 4; lastKnownFileType = sourcecode.c.objc; path = NavigationViewController.m; sourceTree = "<group>"; };
		FA821C4C1B03A74A00B53533 /* ViewController.h */ = {isa = PBXFileReference; fileEncoding = 4; lastKnownFileType = sourcecode.c.h; path = ViewController.h; sourceTree = "<group>"; };
		FA821C4D1B03A74A00B53533 /* ViewController.m */ = {isa = PBXFileReference; fileEncoding = 4; lastKnownFileType = sourcecode.c.objc; path = ViewController.m; sourceTree = "<group>"; };
		FA821C551B04944400B53533 /* AllTableViewCell.h */ = {isa = PBXFileReference; fileEncoding = 4; lastKnownFileType = sourcecode.c.h; path = AllTableViewCell.h; sourceTree = "<group>"; };
		FA821C561B04944400B53533 /* AllTableViewCell.m */ = {isa = PBXFileReference; fileEncoding = 4; lastKnownFileType = sourcecode.c.objc; path = AllTableViewCell.m; sourceTree = "<group>"; };
		FA859C921B78FABB00941EC0 /* MyContentImageAttachment.h */ = {isa = PBXFileReference; fileEncoding = 4; lastKnownFileType = sourcecode.c.h; path = MyContentImageAttachment.h; sourceTree = "<group>"; };
		FA859C931B78FABB00941EC0 /* MyContentImageAttachment.m */ = {isa = PBXFileReference; fileEncoding = 4; lastKnownFileType = sourcecode.c.objc; path = MyContentImageAttachment.m; sourceTree = "<group>"; };
		FA859C951B790ABF00941EC0 /* MyReplyImageAttachment.h */ = {isa = PBXFileReference; fileEncoding = 4; lastKnownFileType = sourcecode.c.h; path = MyReplyImageAttachment.h; sourceTree = "<group>"; };
		FA859C961B790ABF00941EC0 /* MyReplyImageAttachment.m */ = {isa = PBXFileReference; fileEncoding = 4; lastKnownFileType = sourcecode.c.objc; path = MyReplyImageAttachment.m; sourceTree = "<group>"; };
		FAA2A8C31B13023D001B906F /* repliesTableViewCell.h */ = {isa = PBXFileReference; fileEncoding = 4; lastKnownFileType = sourcecode.c.h; path = repliesTableViewCell.h; sourceTree = "<group>"; };
		FAA2A8C41B13023D001B906F /* repliesTableViewCell.m */ = {isa = PBXFileReference; fileEncoding = 4; lastKnownFileType = sourcecode.c.objc; path = repliesTableViewCell.m; sourceTree = "<group>"; };
		FAC086101B10C88B007ED446 /* Reachability.h */ = {isa = PBXFileReference; fileEncoding = 4; lastKnownFileType = sourcecode.c.h; path = Reachability.h; sourceTree = "<group>"; };
		FAC086111B10C88B007ED446 /* Reachability.m */ = {isa = PBXFileReference; fileEncoding = 4; lastKnownFileType = sourcecode.c.objc; path = Reachability.m; sourceTree = "<group>"; };
		FAC086131B11E7E0007ED446 /* contentTableViewController.h */ = {isa = PBXFileReference; fileEncoding = 4; lastKnownFileType = sourcecode.c.h; path = contentTableViewController.h; sourceTree = "<group>"; };
		FAC086141B11E7E0007ED446 /* contentTableViewController.m */ = {isa = PBXFileReference; fileEncoding = 4; lastKnownFileType = sourcecode.c.objc; path = contentTableViewController.m; sourceTree = "<group>"; };
		FAC155411B80A11200762A95 /* Images.xcassets */ = {isa = PBXFileReference; lastKnownFileType = folder.assetcatalog; path = Images.xcassets; sourceTree = "<group>"; };
		FAE8E9441B513D0B0021392F /* TFHpple.h */ = {isa = PBXFileReference; fileEncoding = 4; lastKnownFileType = sourcecode.c.h; path = TFHpple.h; sourceTree = "<group>"; };
		FAE8E9451B513D0B0021392F /* TFHpple.m */ = {isa = PBXFileReference; fileEncoding = 4; lastKnownFileType = sourcecode.c.objc; path = TFHpple.m; sourceTree = "<group>"; };
		FAE8E9461B513D0B0021392F /* TFHppleElement.h */ = {isa = PBXFileReference; fileEncoding = 4; lastKnownFileType = sourcecode.c.h; path = TFHppleElement.h; sourceTree = "<group>"; };
		FAE8E9471B513D0B0021392F /* TFHppleElement.m */ = {isa = PBXFileReference; fileEncoding = 4; lastKnownFileType = sourcecode.c.objc; path = TFHppleElement.m; sourceTree = "<group>"; };
		FAE8E9481B513D0B0021392F /* XPathQuery.h */ = {isa = PBXFileReference; fileEncoding = 4; lastKnownFileType = sourcecode.c.h; path = XPathQuery.h; sourceTree = "<group>"; };
		FAE8E9491B513D0B0021392F /* XPathQuery.m */ = {isa = PBXFileReference; fileEncoding = 4; lastKnownFileType = sourcecode.c.objc; path = XPathQuery.m; sourceTree = "<group>"; };
		FAE8E94D1B513EB90021392F /* libxml2.dylib */ = {isa = PBXFileReference; lastKnownFileType = "compiled.mach-o.dylib"; name = libxml2.dylib; path = usr/lib/libxml2.dylib; sourceTree = SDKROOT; };
		FAEAD4441B4E82B000C9E3F9 /* SWRevealViewController.h */ = {isa = PBXFileReference; fileEncoding = 4; lastKnownFileType = sourcecode.c.h; path = SWRevealViewController.h; sourceTree = "<group>"; };
		FAEAD4451B4E82B000C9E3F9 /* SWRevealViewController.m */ = {isa = PBXFileReference; fileEncoding = 4; lastKnownFileType = sourcecode.c.objc; path = SWRevealViewController.m; sourceTree = "<group>"; };
		FAEAD4471B4ECE1000C9E3F9 /* MenuTableViewController.h */ = {isa = PBXFileReference; fileEncoding = 4; lastKnownFileType = sourcecode.c.h; path = MenuTableViewController.h; sourceTree = "<group>"; };
		FAEAD4481B4ECE1000C9E3F9 /* MenuTableViewController.m */ = {isa = PBXFileReference; fileEncoding = 4; lastKnownFileType = sourcecode.c.objc; path = MenuTableViewController.m; sourceTree = "<group>"; };
		FAEEB9591B1071B600D4B039 /* MKAnnotationView+WebCache.h */ = {isa = PBXFileReference; fileEncoding = 4; lastKnownFileType = sourcecode.c.h; path = "MKAnnotationView+WebCache.h"; sourceTree = "<group>"; };
		FAEEB95A1B1071B600D4B039 /* MKAnnotationView+WebCache.m */ = {isa = PBXFileReference; fileEncoding = 4; lastKnownFileType = sourcecode.c.objc; path = "MKAnnotationView+WebCache.m"; sourceTree = "<group>"; };
		FAEEB95B1B1071B600D4B039 /* NSData+ImageContentType.h */ = {isa = PBXFileReference; fileEncoding = 4; lastKnownFileType = sourcecode.c.h; path = "NSData+ImageContentType.h"; sourceTree = "<group>"; };
		FAEEB95C1B1071B600D4B039 /* NSData+ImageContentType.m */ = {isa = PBXFileReference; fileEncoding = 4; lastKnownFileType = sourcecode.c.objc; path = "NSData+ImageContentType.m"; sourceTree = "<group>"; };
		FAEEB95D1B1071B600D4B039 /* SDImageCache.h */ = {isa = PBXFileReference; fileEncoding = 4; lastKnownFileType = sourcecode.c.h; path = SDImageCache.h; sourceTree = "<group>"; };
		FAEEB95E1B1071B600D4B039 /* SDImageCache.m */ = {isa = PBXFileReference; fileEncoding = 4; lastKnownFileType = sourcecode.c.objc; path = SDImageCache.m; sourceTree = "<group>"; };
		FAEEB95F1B1071B600D4B039 /* SDWebImageCompat.h */ = {isa = PBXFileReference; fileEncoding = 4; lastKnownFileType = sourcecode.c.h; path = SDWebImageCompat.h; sourceTree = "<group>"; };
		FAEEB9601B1071B600D4B039 /* SDWebImageCompat.m */ = {isa = PBXFileReference; fileEncoding = 4; lastKnownFileType = sourcecode.c.objc; path = SDWebImageCompat.m; sourceTree = "<group>"; };
		FAEEB9611B1071B600D4B039 /* SDWebImageDecoder.h */ = {isa = PBXFileReference; fileEncoding = 4; lastKnownFileType = sourcecode.c.h; path = SDWebImageDecoder.h; sourceTree = "<group>"; };
		FAEEB9621B1071B600D4B039 /* SDWebImageDecoder.m */ = {isa = PBXFileReference; fileEncoding = 4; lastKnownFileType = sourcecode.c.objc; path = SDWebImageDecoder.m; sourceTree = "<group>"; };
		FAEEB9631B1071B600D4B039 /* SDWebImageDownloader.h */ = {isa = PBXFileReference; fileEncoding = 4; lastKnownFileType = sourcecode.c.h; path = SDWebImageDownloader.h; sourceTree = "<group>"; };
		FAEEB9641B1071B600D4B039 /* SDWebImageDownloader.m */ = {isa = PBXFileReference; fileEncoding = 4; lastKnownFileType = sourcecode.c.objc; path = SDWebImageDownloader.m; sourceTree = "<group>"; };
		FAEEB9651B1071B600D4B039 /* SDWebImageDownloaderOperation.h */ = {isa = PBXFileReference; fileEncoding = 4; lastKnownFileType = sourcecode.c.h; path = SDWebImageDownloaderOperation.h; sourceTree = "<group>"; };
		FAEEB9661B1071B600D4B039 /* SDWebImageDownloaderOperation.m */ = {isa = PBXFileReference; fileEncoding = 4; lastKnownFileType = sourcecode.c.objc; path = SDWebImageDownloaderOperation.m; sourceTree = "<group>"; };
		FAEEB9671B1071B600D4B039 /* SDWebImageManager.h */ = {isa = PBXFileReference; fileEncoding = 4; lastKnownFileType = sourcecode.c.h; path = SDWebImageManager.h; sourceTree = "<group>"; };
		FAEEB9681B1071B600D4B039 /* SDWebImageManager.m */ = {isa = PBXFileReference; fileEncoding = 4; lastKnownFileType = sourcecode.c.objc; path = SDWebImageManager.m; sourceTree = "<group>"; };
		FAEEB9691B1071B600D4B039 /* SDWebImageOperation.h */ = {isa = PBXFileReference; fileEncoding = 4; lastKnownFileType = sourcecode.c.h; path = SDWebImageOperation.h; sourceTree = "<group>"; };
		FAEEB96A1B1071B600D4B039 /* SDWebImagePrefetcher.h */ = {isa = PBXFileReference; fileEncoding = 4; lastKnownFileType = sourcecode.c.h; path = SDWebImagePrefetcher.h; sourceTree = "<group>"; };
		FAEEB96B1B1071B600D4B039 /* SDWebImagePrefetcher.m */ = {isa = PBXFileReference; fileEncoding = 4; lastKnownFileType = sourcecode.c.objc; path = SDWebImagePrefetcher.m; sourceTree = "<group>"; };
		FAEEB96C1B1071B600D4B039 /* UIButton+WebCache.h */ = {isa = PBXFileReference; fileEncoding = 4; lastKnownFileType = sourcecode.c.h; path = "UIButton+WebCache.h"; sourceTree = "<group>"; };
		FAEEB96D1B1071B600D4B039 /* UIButton+WebCache.m */ = {isa = PBXFileReference; fileEncoding = 4; lastKnownFileType = sourcecode.c.objc; path = "UIButton+WebCache.m"; sourceTree = "<group>"; };
		FAEEB96E1B1071B600D4B039 /* UIImage+GIF.h */ = {isa = PBXFileReference; fileEncoding = 4; lastKnownFileType = sourcecode.c.h; path = "UIImage+GIF.h"; sourceTree = "<group>"; };
		FAEEB96F1B1071B600D4B039 /* UIImage+GIF.m */ = {isa = PBXFileReference; fileEncoding = 4; lastKnownFileType = sourcecode.c.objc; path = "UIImage+GIF.m"; sourceTree = "<group>"; };
		FAEEB9701B1071B600D4B039 /* UIImage+MultiFormat.h */ = {isa = PBXFileReference; fileEncoding = 4; lastKnownFileType = sourcecode.c.h; path = "UIImage+MultiFormat.h"; sourceTree = "<group>"; };
		FAEEB9711B1071B600D4B039 /* UIImage+MultiFormat.m */ = {isa = PBXFileReference; fileEncoding = 4; lastKnownFileType = sourcecode.c.objc; path = "UIImage+MultiFormat.m"; sourceTree = "<group>"; };
		FAEEB9721B1071B600D4B039 /* UIImage+WebP.h */ = {isa = PBXFileReference; fileEncoding = 4; lastKnownFileType = sourcecode.c.h; path = "UIImage+WebP.h"; sourceTree = "<group>"; };
		FAEEB9731B1071B600D4B039 /* UIImage+WebP.m */ = {isa = PBXFileReference; fileEncoding = 4; lastKnownFileType = sourcecode.c.objc; path = "UIImage+WebP.m"; sourceTree = "<group>"; };
		FAEEB9741B1071B600D4B039 /* UIImageView+HighlightedWebCache.h */ = {isa = PBXFileReference; fileEncoding = 4; lastKnownFileType = sourcecode.c.h; path = "UIImageView+HighlightedWebCache.h"; sourceTree = "<group>"; };
		FAEEB9751B1071B600D4B039 /* UIImageView+HighlightedWebCache.m */ = {isa = PBXFileReference; fileEncoding = 4; lastKnownFileType = sourcecode.c.objc; path = "UIImageView+HighlightedWebCache.m"; sourceTree = "<group>"; };
		FAEEB9761B1071B600D4B039 /* UIImageView+WebCache.h */ = {isa = PBXFileReference; fileEncoding = 4; lastKnownFileType = sourcecode.c.h; path = "UIImageView+WebCache.h"; sourceTree = "<group>"; };
		FAEEB9771B1071B600D4B039 /* UIImageView+WebCache.m */ = {isa = PBXFileReference; fileEncoding = 4; lastKnownFileType = sourcecode.c.objc; path = "UIImageView+WebCache.m"; sourceTree = "<group>"; };
		FAEEB9781B1071B600D4B039 /* UIView+WebCacheOperation.h */ = {isa = PBXFileReference; fileEncoding = 4; lastKnownFileType = sourcecode.c.h; path = "UIView+WebCacheOperation.h"; sourceTree = "<group>"; };
		FAEEB9791B1071B600D4B039 /* UIView+WebCacheOperation.m */ = {isa = PBXFileReference; fileEncoding = 4; lastKnownFileType = sourcecode.c.objc; path = "UIView+WebCacheOperation.m"; sourceTree = "<group>"; };
		FAFC78291B01F76700A34D58 /* V2EX.app */ = {isa = PBXFileReference; explicitFileType = wrapper.application; includeInIndex = 0; path = V2EX.app; sourceTree = BUILT_PRODUCTS_DIR; };
		FAFC782D1B01F76700A34D58 /* Info.plist */ = {isa = PBXFileReference; lastKnownFileType = text.plist.xml; path = Info.plist; sourceTree = "<group>"; };
		FAFC782E1B01F76700A34D58 /* main.m */ = {isa = PBXFileReference; lastKnownFileType = sourcecode.c.objc; path = main.m; sourceTree = "<group>"; };
		FAFC78301B01F76700A34D58 /* AppDelegate.h */ = {isa = PBXFileReference; lastKnownFileType = sourcecode.c.h; path = AppDelegate.h; sourceTree = "<group>"; };
		FAFC78311B01F76700A34D58 /* AppDelegate.m */ = {isa = PBXFileReference; lastKnownFileType = sourcecode.c.objc; path = AppDelegate.m; sourceTree = "<group>"; };
		FAFC78371B01F76700A34D58 /* Base */ = {isa = PBXFileReference; lastKnownFileType = file.storyboard; name = Base; path = Base.lproj/Main.storyboard; sourceTree = "<group>"; };
		FAFC783C1B01F76700A34D58 /* Base */ = {isa = PBXFileReference; lastKnownFileType = file.xib; name = Base; path = Base.lproj/LaunchScreen.xib; sourceTree = "<group>"; };
		FAFC78421B01F76700A34D58 /* V2EXTests.xctest */ = {isa = PBXFileReference; explicitFileType = wrapper.cfbundle; includeInIndex = 0; path = V2EXTests.xctest; sourceTree = BUILT_PRODUCTS_DIR; };
		FAFC78471B01F76700A34D58 /* Info.plist */ = {isa = PBXFileReference; lastKnownFileType = text.plist.xml; path = Info.plist; sourceTree = "<group>"; };
		FAFC78481B01F76700A34D58 /* V2EXTests.m */ = {isa = PBXFileReference; lastKnownFileType = sourcecode.c.objc; path = V2EXTests.m; sourceTree = "<group>"; };
/* End PBXFileReference section */

/* Begin PBXFrameworksBuildPhase section */
		FAFC78261B01F76700A34D58 /* Frameworks */ = {
			isa = PBXFrameworksBuildPhase;
			buildActionMask = 2147483647;
			files = (
				FAE8E94E1B513EB90021392F /* libxml2.dylib in Frameworks */,
				FA785FA01B0CD76B00F30493 /* ImageIO.framework in Frameworks */,
				9E60E2836E6E911ED9C32E35 /* libPods.a in Frameworks */,
			);
			runOnlyForDeploymentPostprocessing = 0;
		};
		FAFC783F1B01F76700A34D58 /* Frameworks */ = {
			isa = PBXFrameworksBuildPhase;
			buildActionMask = 2147483647;
			files = (
			);
			runOnlyForDeploymentPostprocessing = 0;
		};
/* End PBXFrameworksBuildPhase section */

/* Begin PBXGroup section */
		4AA3C0FC02D81E6B7E966AE6 /* Pods */ = {
			isa = PBXGroup;
			children = (
				0870241BB8541BDFEBC71194 /* Pods.debug.xcconfig */,
				88D504FC923B70D86D30456F /* Pods.release.xcconfig */,
			);
			name = Pods;
			sourceTree = "<group>";
		};
		5481C45B571E8E330AF53097 /* Frameworks */ = {
			isa = PBXGroup;
			children = (
				FAE8E94D1B513EB90021392F /* libxml2.dylib */,
				B6E7649DC6887F1D8EDF0B88 /* libPods.a */,
			);
			name = Frameworks;
			sourceTree = "<group>";
		};
		FAE8E9401B4FD13F0021392F /* Slide-out Menu */ = {
			isa = PBXGroup;
			children = (
				FAEAD4471B4ECE1000C9E3F9 /* MenuTableViewController.h */,
				FAEAD4481B4ECE1000C9E3F9 /* MenuTableViewController.m */,
			);
			name = "Slide-out Menu";
			sourceTree = "<group>";
		};
		FAE8E9431B513CB20021392F /* HTMLParsing */ = {
			isa = PBXGroup;
			children = (
				FAE8E9441B513D0B0021392F /* TFHpple.h */,
				FAE8E9451B513D0B0021392F /* TFHpple.m */,
				FAE8E9461B513D0B0021392F /* TFHppleElement.h */,
				FAE8E9471B513D0B0021392F /* TFHppleElement.m */,
				FAE8E9481B513D0B0021392F /* XPathQuery.h */,
				FAE8E9491B513D0B0021392F /* XPathQuery.m */,
			);
			name = HTMLParsing;
			sourceTree = "<group>";
		};
		FAEAD4431B4E829200C9E3F9 /* SWRevealViewController */ = {
			isa = PBXGroup;
			children = (
				FAEAD4441B4E82B000C9E3F9 /* SWRevealViewController.h */,
				FAEAD4451B4E82B000C9E3F9 /* SWRevealViewController.m */,
			);
			name = SWRevealViewController;
			sourceTree = "<group>";
		};
		FAEEB9581B1071B600D4B039 /* SDWebImage */ = {
			isa = PBXGroup;
			children = (
				FAEEB9591B1071B600D4B039 /* MKAnnotationView+WebCache.h */,
				FAEEB95A1B1071B600D4B039 /* MKAnnotationView+WebCache.m */,
				FAEEB95B1B1071B600D4B039 /* NSData+ImageContentType.h */,
				FAEEB95C1B1071B600D4B039 /* NSData+ImageContentType.m */,
				FAEEB95D1B1071B600D4B039 /* SDImageCache.h */,
				FAEEB95E1B1071B600D4B039 /* SDImageCache.m */,
				FAEEB95F1B1071B600D4B039 /* SDWebImageCompat.h */,
				FAEEB9601B1071B600D4B039 /* SDWebImageCompat.m */,
				FAEEB9611B1071B600D4B039 /* SDWebImageDecoder.h */,
				FAEEB9621B1071B600D4B039 /* SDWebImageDecoder.m */,
				FAEEB9631B1071B600D4B039 /* SDWebImageDownloader.h */,
				FAEEB9641B1071B600D4B039 /* SDWebImageDownloader.m */,
				FAEEB9651B1071B600D4B039 /* SDWebImageDownloaderOperation.h */,
				FAEEB9661B1071B600D4B039 /* SDWebImageDownloaderOperation.m */,
				FAEEB9671B1071B600D4B039 /* SDWebImageManager.h */,
				FAEEB9681B1071B600D4B039 /* SDWebImageManager.m */,
				FAEEB9691B1071B600D4B039 /* SDWebImageOperation.h */,
				FAEEB96A1B1071B600D4B039 /* SDWebImagePrefetcher.h */,
				FAEEB96B1B1071B600D4B039 /* SDWebImagePrefetcher.m */,
				FAEEB96C1B1071B600D4B039 /* UIButton+WebCache.h */,
				FAEEB96D1B1071B600D4B039 /* UIButton+WebCache.m */,
				FAEEB96E1B1071B600D4B039 /* UIImage+GIF.h */,
				FAEEB96F1B1071B600D4B039 /* UIImage+GIF.m */,
				FAEEB9701B1071B600D4B039 /* UIImage+MultiFormat.h */,
				FAEEB9711B1071B600D4B039 /* UIImage+MultiFormat.m */,
				FAEEB9721B1071B600D4B039 /* UIImage+WebP.h */,
				FAEEB9731B1071B600D4B039 /* UIImage+WebP.m */,
				FAEEB9741B1071B600D4B039 /* UIImageView+HighlightedWebCache.h */,
				FAEEB9751B1071B600D4B039 /* UIImageView+HighlightedWebCache.m */,
				FAEEB9761B1071B600D4B039 /* UIImageView+WebCache.h */,
				FAEEB9771B1071B600D4B039 /* UIImageView+WebCache.m */,
				FAEEB9781B1071B600D4B039 /* UIView+WebCacheOperation.h */,
				FAEEB9791B1071B600D4B039 /* UIView+WebCacheOperation.m */,
			);
			path = SDWebImage;
			sourceTree = "<group>";
		};
		FAFC78201B01F76700A34D58 = {
			isa = PBXGroup;
			children = (
				FAEEB9581B1071B600D4B039 /* SDWebImage */,
				FA785F9F1B0CD76B00F30493 /* ImageIO.framework */,
				FAFC782B1B01F76700A34D58 /* V2EX */,
				FAFC78451B01F76700A34D58 /* V2EXTests */,
				FAFC782A1B01F76700A34D58 /* Products */,
				4AA3C0FC02D81E6B7E966AE6 /* Pods */,
				5481C45B571E8E330AF53097 /* Frameworks */,
			);
			sourceTree = "<group>";
		};
		FAFC782A1B01F76700A34D58 /* Products */ = {
			isa = PBXGroup;
			children = (
				FAFC78291B01F76700A34D58 /* V2EX.app */,
				FAFC78421B01F76700A34D58 /* V2EXTests.xctest */,
			);
			name = Products;
			sourceTree = "<group>";
		};
		FAFC782B1B01F76700A34D58 /* V2EX */ = {
			isa = PBXGroup;
			children = (
				FAE8E9431B513CB20021392F /* HTMLParsing */,
				FAEAD4431B4E829200C9E3F9 /* SWRevealViewController */,
				FAE8E9401B4FD13F0021392F /* Slide-out Menu */,
				FAC086101B10C88B007ED446 /* Reachability.h */,
				FAC086111B10C88B007ED446 /* Reachability.m */,
				FAFC78301B01F76700A34D58 /* AppDelegate.h */,
				FAFC78311B01F76700A34D58 /* AppDelegate.m */,
				FA821C4C1B03A74A00B53533 /* ViewController.h */,
				FA821C4D1B03A74A00B53533 /* ViewController.m */,
				FA821C551B04944400B53533 /* AllTableViewCell.h */,
				FA821C561B04944400B53533 /* AllTableViewCell.m */,
				FA821C461B03473D00B53533 /* NavigationViewController.h */,
				FA821C471B03473D00B53533 /* NavigationViewController.m */,
				FAC086131B11E7E0007ED446 /* contentTableViewController.h */,
				FAC086141B11E7E0007ED446 /* contentTableViewController.m */,
				FA859C921B78FABB00941EC0 /* MyContentImageAttachment.h */,
				FA859C931B78FABB00941EC0 /* MyContentImageAttachment.m */,
				FA859C951B790ABF00941EC0 /* MyReplyImageAttachment.h */,
				FA859C961B790ABF00941EC0 /* MyReplyImageAttachment.m */,
				FA79DEEC1B402E2800AA13A6 /* contenHeaderView.h */,
				FA79DEED1B402E2800AA13A6 /* contenHeaderView.m */,
				FAA2A8C31B13023D001B906F /* repliesTableViewCell.h */,
				FAA2A8C41B13023D001B906F /* repliesTableViewCell.m */,
				FAFC78361B01F76700A34D58 /* Main.storyboard */,
				FAFC783B1B01F76700A34D58 /* LaunchScreen.xib */,
				FAFC782C1B01F76700A34D58 /* Supporting Files */,
			);
			path = V2EX;
			sourceTree = "<group>";
		};
		FAFC782C1B01F76700A34D58 /* Supporting Files */ = {
			isa = PBXGroup;
			children = (
				FAC155411B80A11200762A95 /* Images.xcassets */,
				FAFC782D1B01F76700A34D58 /* Info.plist */,
				FAFC782E1B01F76700A34D58 /* main.m */,
			);
			name = "Supporting Files";
			sourceTree = "<group>";
		};
		FAFC78451B01F76700A34D58 /* V2EXTests */ = {
			isa = PBXGroup;
			children = (
				FAFC78481B01F76700A34D58 /* V2EXTests.m */,
				FAFC78461B01F76700A34D58 /* Supporting Files */,
			);
			path = V2EXTests;
			sourceTree = "<group>";
		};
		FAFC78461B01F76700A34D58 /* Supporting Files */ = {
			isa = PBXGroup;
			children = (
				FAFC78471B01F76700A34D58 /* Info.plist */,
			);
			name = "Supporting Files";
			sourceTree = "<group>";
		};
/* End PBXGroup section */

/* Begin PBXNativeTarget section */
		FAFC78281B01F76700A34D58 /* V2EX */ = {
			isa = PBXNativeTarget;
			buildConfigurationList = FAFC784C1B01F76700A34D58 /* Build configuration list for PBXNativeTarget "V2EX" */;
			buildPhases = (
				EA9D6D5F2A85111715020662 /* Check Pods Manifest.lock */,
				FAFC78251B01F76700A34D58 /* Sources */,
				FAFC78261B01F76700A34D58 /* Frameworks */,
				FAFC78271B01F76700A34D58 /* Resources */,
				1886DB034F89BE8B323646BB /* Copy Pods Resources */,
			);
			buildRules = (
			);
			dependencies = (
			);
			name = V2EX;
			productName = V2EX;
			productReference = FAFC78291B01F76700A34D58 /* V2EX.app */;
			productType = "com.apple.product-type.application";
		};
		FAFC78411B01F76700A34D58 /* V2EXTests */ = {
			isa = PBXNativeTarget;
			buildConfigurationList = FAFC784F1B01F76700A34D58 /* Build configuration list for PBXNativeTarget "V2EXTests" */;
			buildPhases = (
				FAFC783E1B01F76700A34D58 /* Sources */,
				FAFC783F1B01F76700A34D58 /* Frameworks */,
				FAFC78401B01F76700A34D58 /* Resources */,
			);
			buildRules = (
			);
			dependencies = (
				FAFC78441B01F76700A34D58 /* PBXTargetDependency */,
			);
			name = V2EXTests;
			productName = V2EXTests;
			productReference = FAFC78421B01F76700A34D58 /* V2EXTests.xctest */;
			productType = "com.apple.product-type.bundle.unit-test";
		};
/* End PBXNativeTarget section */

/* Begin PBXProject section */
		FAFC78211B01F76700A34D58 /* Project object */ = {
			isa = PBXProject;
			attributes = {
				LastUpgradeCheck = 0630;
				ORGANIZATIONNAME = "Xing He";
				TargetAttributes = {
					FAFC78281B01F76700A34D58 = {
						CreatedOnToolsVersion = 6.3.1;
					};
					FAFC78411B01F76700A34D58 = {
						CreatedOnToolsVersion = 6.3.1;
						TestTargetID = FAFC78281B01F76700A34D58;
					};
				};
			};
			buildConfigurationList = FAFC78241B01F76700A34D58 /* Build configuration list for PBXProject "V2EX" */;
			compatibilityVersion = "Xcode 3.2";
			developmentRegion = English;
			hasScannedForEncodings = 0;
			knownRegions = (
				en,
				Base,
			);
			mainGroup = FAFC78201B01F76700A34D58;
			productRefGroup = FAFC782A1B01F76700A34D58 /* Products */;
			projectDirPath = "";
			projectRoot = "";
			targets = (
				FAFC78281B01F76700A34D58 /* V2EX */,
				FAFC78411B01F76700A34D58 /* V2EXTests */,
			);
		};
/* End PBXProject section */

/* Begin PBXResourcesBuildPhase section */
		FAFC78271B01F76700A34D58 /* Resources */ = {
			isa = PBXResourcesBuildPhase;
			buildActionMask = 2147483647;
			files = (
				FAC155421B80A11200762A95 /* Images.xcassets in Resources */,
				FAFC78381B01F76700A34D58 /* Main.storyboard in Resources */,
				FAFC783D1B01F76700A34D58 /* LaunchScreen.xib in Resources */,
			);
			runOnlyForDeploymentPostprocessing = 0;
		};
		FAFC78401B01F76700A34D58 /* Resources */ = {
			isa = PBXResourcesBuildPhase;
			buildActionMask = 2147483647;
			files = (
			);
			runOnlyForDeploymentPostprocessing = 0;
		};
/* End PBXResourcesBuildPhase section */

/* Begin PBXShellScriptBuildPhase section */
		1886DB034F89BE8B323646BB /* Copy Pods Resources */ = {
			isa = PBXShellScriptBuildPhase;
			buildActionMask = 2147483647;
			files = (
			);
			inputPaths = (
			);
			name = "Copy Pods Resources";
			outputPaths = (
			);
			runOnlyForDeploymentPostprocessing = 0;
			shellPath = /bin/sh;
			shellScript = "\"${SRCROOT}/Pods/Target Support Files/Pods/Pods-resources.sh\"\n";
			showEnvVarsInLog = 0;
		};
		EA9D6D5F2A85111715020662 /* Check Pods Manifest.lock */ = {
			isa = PBXShellScriptBuildPhase;
			buildActionMask = 2147483647;
			files = (
			);
			inputPaths = (
			);
			name = "Check Pods Manifest.lock";
			outputPaths = (
			);
			runOnlyForDeploymentPostprocessing = 0;
			shellPath = /bin/sh;
			shellScript = "diff \"${PODS_ROOT}/../Podfile.lock\" \"${PODS_ROOT}/Manifest.lock\" > /dev/null\nif [[ $? != 0 ]] ; then\n    cat << EOM\nerror: The sandbox is not in sync with the Podfile.lock. Run 'pod install' or update your CocoaPods installation.\nEOM\n    exit 1\nfi\n";
			showEnvVarsInLog = 0;
		};
/* End PBXShellScriptBuildPhase section */

/* Begin PBXSourcesBuildPhase section */
		FAFC78251B01F76700A34D58 /* Sources */ = {
			isa = PBXSourcesBuildPhase;
			buildActionMask = 2147483647;
			files = (
				FA859C941B78FABB00941EC0 /* MyContentImageAttachment.m in Sources */,
				FA821C481B03473D00B53533 /* NavigationViewController.m in Sources */,
				FAEEB9871B1071B600D4B039 /* UIImageView+HighlightedWebCache.m in Sources */,
				FAEEB9881B1071B600D4B039 /* UIImageView+WebCache.m in Sources */,
				FAEEB9861B1071B600D4B039 /* UIImage+WebP.m in Sources */,
				FAC086151B11E7E0007ED446 /* contentTableViewController.m in Sources */,
				FAEAD4461B4E82B000C9E3F9 /* SWRevealViewController.m in Sources */,
				FAEEB9821B1071B600D4B039 /* SDWebImagePrefetcher.m in Sources */,
				FAFC78321B01F76700A34D58 /* AppDelegate.m in Sources */,
				FAEEB97E1B1071B600D4B039 /* SDWebImageDecoder.m in Sources */,
				FAEEB97F1B1071B600D4B039 /* SDWebImageDownloader.m in Sources */,
				FA821C4E1B03A74A00B53533 /* ViewController.m in Sources */,
				FAA2A8C51B13023D001B906F /* repliesTableViewCell.m in Sources */,
				FAEAD4491B4ECE1000C9E3F9 /* MenuTableViewController.m in Sources */,
				FAEEB9811B1071B600D4B039 /* SDWebImageManager.m in Sources */,
				FAEEB9891B1071B600D4B039 /* UIView+WebCacheOperation.m in Sources */,
				FAEEB9831B1071B600D4B039 /* UIButton+WebCache.m in Sources */,
				FA859C971B790ABF00941EC0 /* MyReplyImageAttachment.m in Sources */,
				FAEEB9851B1071B600D4B039 /* UIImage+MultiFormat.m in Sources */,
				FA821C571B04944400B53533 /* AllTableViewCell.m in Sources */,
				FAC086121B10C88B007ED446 /* Reachability.m in Sources */,
				FAEEB9801B1071B600D4B039 /* SDWebImageDownloaderOperation.m in Sources */,
				FAEEB9841B1071B600D4B039 /* UIImage+GIF.m in Sources */,
				FAEEB97D1B1071B600D4B039 /* SDWebImageCompat.m in Sources */,
				FAEEB97B1B1071B600D4B039 /* NSData+ImageContentType.m in Sources */,
				FAE8E94C1B513D0B0021392F /* XPathQuery.m in Sources */,
				FAE8E94B1B513D0B0021392F /* TFHppleElement.m in Sources */,
				FAE8E94A1B513D0B0021392F /* TFHpple.m in Sources */,
				FA79DEEE1B402E2800AA13A6 /* contenHeaderView.m in Sources */,
				FAFC782F1B01F76700A34D58 /* main.m in Sources */,
				FAEEB97A1B1071B600D4B039 /* MKAnnotationView+WebCache.m in Sources */,
				FAEEB97C1B1071B600D4B039 /* SDImageCache.m in Sources */,
			);
			runOnlyForDeploymentPostprocessing = 0;
		};
		FAFC783E1B01F76700A34D58 /* Sources */ = {
			isa = PBXSourcesBuildPhase;
			buildActionMask = 2147483647;
			files = (
				FAFC78491B01F76700A34D58 /* V2EXTests.m in Sources */,
			);
			runOnlyForDeploymentPostprocessing = 0;
		};
/* End PBXSourcesBuildPhase section */

/* Begin PBXTargetDependency section */
		FAFC78441B01F76700A34D58 /* PBXTargetDependency */ = {
			isa = PBXTargetDependency;
			target = FAFC78281B01F76700A34D58 /* V2EX */;
			targetProxy = FAFC78431B01F76700A34D58 /* PBXContainerItemProxy */;
		};
/* End PBXTargetDependency section */

/* Begin PBXVariantGroup section */
		FAFC78361B01F76700A34D58 /* Main.storyboard */ = {
			isa = PBXVariantGroup;
			children = (
				FAFC78371B01F76700A34D58 /* Base */,
			);
			name = Main.storyboard;
			sourceTree = "<group>";
		};
		FAFC783B1B01F76700A34D58 /* LaunchScreen.xib */ = {
			isa = PBXVariantGroup;
			children = (
				FAFC783C1B01F76700A34D58 /* Base */,
			);
			name = LaunchScreen.xib;
			sourceTree = "<group>";
		};
/* End PBXVariantGroup section */

/* Begin XCBuildConfiguration section */
		FAFC784A1B01F76700A34D58 /* Debug */ = {
			isa = XCBuildConfiguration;
			buildSettings = {
				ALWAYS_SEARCH_USER_PATHS = NO;
				CLANG_CXX_LANGUAGE_STANDARD = "gnu++0x";
				CLANG_CXX_LIBRARY = "libc++";
				CLANG_ENABLE_MODULES = YES;
				CLANG_ENABLE_OBJC_ARC = YES;
				CLANG_WARN_BOOL_CONVERSION = YES;
				CLANG_WARN_CONSTANT_CONVERSION = YES;
				CLANG_WARN_DIRECT_OBJC_ISA_USAGE = YES_ERROR;
				CLANG_WARN_EMPTY_BODY = YES;
				CLANG_WARN_ENUM_CONVERSION = YES;
				CLANG_WARN_INT_CONVERSION = YES;
				CLANG_WARN_OBJC_ROOT_CLASS = YES_ERROR;
				CLANG_WARN_UNREACHABLE_CODE = YES;
				CLANG_WARN__DUPLICATE_METHOD_MATCH = YES;
				"CODE_SIGN_IDENTITY[sdk=iphoneos*]" = "iPhone Developer";
				COPY_PHASE_STRIP = NO;
				DEBUG_INFORMATION_FORMAT = "dwarf-with-dsym";
				ENABLE_STRICT_OBJC_MSGSEND = YES;
				GCC_C_LANGUAGE_STANDARD = gnu99;
				GCC_DYNAMIC_NO_PIC = NO;
				GCC_NO_COMMON_BLOCKS = YES;
				GCC_OPTIMIZATION_LEVEL = 0;
				GCC_PREPROCESSOR_DEFINITIONS = (
					"DEBUG=1",
					"$(inherited)",
				);
				GCC_SYMBOLS_PRIVATE_EXTERN = NO;
				GCC_WARN_64_TO_32_BIT_CONVERSION = YES;
				GCC_WARN_ABOUT_RETURN_TYPE = YES_ERROR;
				GCC_WARN_UNDECLARED_SELECTOR = YES;
				GCC_WARN_UNINITIALIZED_AUTOS = YES_AGGRESSIVE;
				GCC_WARN_UNUSED_FUNCTION = YES;
				GCC_WARN_UNUSED_VARIABLE = YES;
				IPHONEOS_DEPLOYMENT_TARGET = 8.3;
				MTL_ENABLE_DEBUG_INFO = YES;
				ONLY_ACTIVE_ARCH = YES;
				SDKROOT = iphoneos;
			};
			name = Debug;
		};
		FAFC784B1B01F76700A34D58 /* Release */ = {
			isa = XCBuildConfiguration;
			buildSettings = {
				ALWAYS_SEARCH_USER_PATHS = NO;
				CLANG_CXX_LANGUAGE_STANDARD = "gnu++0x";
				CLANG_CXX_LIBRARY = "libc++";
				CLANG_ENABLE_MODULES = YES;
				CLANG_ENABLE_OBJC_ARC = YES;
				CLANG_WARN_BOOL_CONVERSION = YES;
				CLANG_WARN_CONSTANT_CONVERSION = YES;
				CLANG_WARN_DIRECT_OBJC_ISA_USAGE = YES_ERROR;
				CLANG_WARN_EMPTY_BODY = YES;
				CLANG_WARN_ENUM_CONVERSION = YES;
				CLANG_WARN_INT_CONVERSION = YES;
				CLANG_WARN_OBJC_ROOT_CLASS = YES_ERROR;
				CLANG_WARN_UNREACHABLE_CODE = YES;
				CLANG_WARN__DUPLICATE_METHOD_MATCH = YES;
				"CODE_SIGN_IDENTITY[sdk=iphoneos*]" = "iPhone Developer";
				COPY_PHASE_STRIP = NO;
				DEBUG_INFORMATION_FORMAT = "dwarf-with-dsym";
				ENABLE_NS_ASSERTIONS = NO;
				ENABLE_STRICT_OBJC_MSGSEND = YES;
				GCC_C_LANGUAGE_STANDARD = gnu99;
				GCC_NO_COMMON_BLOCKS = YES;
				GCC_WARN_64_TO_32_BIT_CONVERSION = YES;
				GCC_WARN_ABOUT_RETURN_TYPE = YES_ERROR;
				GCC_WARN_UNDECLARED_SELECTOR = YES;
				GCC_WARN_UNINITIALIZED_AUTOS = YES_AGGRESSIVE;
				GCC_WARN_UNUSED_FUNCTION = YES;
				GCC_WARN_UNUSED_VARIABLE = YES;
				IPHONEOS_DEPLOYMENT_TARGET = 8.3;
				MTL_ENABLE_DEBUG_INFO = NO;
				SDKROOT = iphoneos;
				VALIDATE_PRODUCT = YES;
			};
			name = Release;
		};
		FAFC784D1B01F76700A34D58 /* Debug */ = {
			isa = XCBuildConfiguration;
			baseConfigurationReference = 0870241BB8541BDFEBC71194 /* Pods.debug.xcconfig */;
			buildSettings = {
				ARCHS = "$(ARCHS_STANDARD)";
				ASSETCATALOG_COMPILER_APPICON_NAME = AppIcon;
				CODE_SIGN_IDENTITY = "iPhone Developer: Wei Feng Hou (7M253B4AY4)";
				FRAMEWORK_SEARCH_PATHS = (
					"$(inherited)",
					"$(PROJECT_DIR)",
					/Users/SaintJimmy/Downloads,
				);
				HEADER_SEARCH_PATHS = "$(SDKROOT)/usr/include/libxml2";
				INFOPLIST_FILE = V2EX/Info.plist;
				IPHONEOS_DEPLOYMENT_TARGET = 8.0;
				LD_RUNPATH_SEARCH_PATHS = "$(inherited) @executable_path/Frameworks";
				ONLY_ACTIVE_ARCH = YES;
				OTHER_LDFLAGS = (
					"-ObjC",
					"$(inherited)",
				);
				PRODUCT_NAME = "$(TARGET_NAME)";
				TARGETED_DEVICE_FAMILY = "1,2";
			};
			name = Debug;
		};
		FAFC784E1B01F76700A34D58 /* Release */ = {
			isa = XCBuildConfiguration;
			baseConfigurationReference = 88D504FC923B70D86D30456F /* Pods.release.xcconfig */;
			buildSettings = {
				ARCHS = "$(ARCHS_STANDARD)";
				ASSETCATALOG_COMPILER_APPICON_NAME = AppIcon;
				CODE_SIGN_IDENTITY = "iPhone Developer: Wei Feng Hou (7M253B4AY4)";
				FRAMEWORK_SEARCH_PATHS = (
					"$(inherited)",
					"$(PROJECT_DIR)",
					/Users/SaintJimmy/Downloads,
				);
				HEADER_SEARCH_PATHS = "$(SDKROOT)/usr/include/libxml2";
				INFOPLIST_FILE = V2EX/Info.plist;
				IPHONEOS_DEPLOYMENT_TARGET = 8.0;
				LD_RUNPATH_SEARCH_PATHS = "$(inherited) @executable_path/Frameworks";
				ONLY_ACTIVE_ARCH = YES;
				OTHER_LDFLAGS = (
					"-ObjC",
					"$(inherited)",
				);
				PRODUCT_NAME = "$(TARGET_NAME)";
				TARGETED_DEVICE_FAMILY = "1,2";
			};
			name = Release;
		};
		FAFC78501B01F76700A34D58 /* Debug */ = {
			isa = XCBuildConfiguration;
			buildSettings = {
				BUNDLE_LOADER = "$(TEST_HOST)";
				FRAMEWORK_SEARCH_PATHS = (
					"$(SDKROOT)/Developer/Library/Frameworks",
					"$(inherited)",
				);
				GCC_PREPROCESSOR_DEFINITIONS = (
					"DEBUG=1",
					"$(inherited)",
				);
				INFOPLIST_FILE = V2EXTests/Info.plist;
				LD_RUNPATH_SEARCH_PATHS = "$(inherited) @executable_path/Frameworks @loader_path/Frameworks";
				PRODUCT_NAME = "$(TARGET_NAME)";
				TEST_HOST = "$(BUILT_PRODUCTS_DIR)/V2EX.app/V2EX";
			};
			name = Debug;
		};
		FAFC78511B01F76700A34D58 /* Release */ = {
			isa = XCBuildConfiguration;
			buildSettings = {
				BUNDLE_LOADER = "$(TEST_HOST)";
				FRAMEWORK_SEARCH_PATHS = (
					"$(SDKROOT)/Developer/Library/Frameworks",
					"$(inherited)",
				);
				INFOPLIST_FILE = V2EXTests/Info.plist;
				LD_RUNPATH_SEARCH_PATHS = "$(inherited) @executable_path/Frameworks @loader_path/Frameworks";
				PRODUCT_NAME = "$(TARGET_NAME)";
				TEST_HOST = "$(BUILT_PRODUCTS_DIR)/V2EX.app/V2EX";
			};
			name = Release;
		};
/* End XCBuildConfiguration section */

/* Begin XCConfigurationList section */
		FAFC78241B01F76700A34D58 /* Build configuration list for PBXProject "V2EX" */ = {
			isa = XCConfigurationList;
			buildConfigurations = (
				FAFC784A1B01F76700A34D58 /* Debug */,
				FAFC784B1B01F76700A34D58 /* Release */,
			);
			defaultConfigurationIsVisible = 0;
			defaultConfigurationName = Release;
		};
		FAFC784C1B01F76700A34D58 /* Build configuration list for PBXNativeTarget "V2EX" */ = {
			isa = XCConfigurationList;
			buildConfigurations = (
				FAFC784D1B01F76700A34D58 /* Debug */,
				FAFC784E1B01F76700A34D58 /* Release */,
			);
			defaultConfigurationIsVisible = 0;
			defaultConfigurationName = Release;
		};
		FAFC784F1B01F76700A34D58 /* Build configuration list for PBXNativeTarget "V2EXTests" */ = {
			isa = XCConfigurationList;
			buildConfigurations = (
				FAFC78501B01F76700A34D58 /* Debug */,
				FAFC78511B01F76700A34D58 /* Release */,
			);
			defaultConfigurationIsVisible = 0;
			defaultConfigurationName = Release;
		};
/* End XCConfigurationList section */
	};
	rootObject = FAFC78211B01F76700A34D58 /* Project object */;
}
